
Microsoft Visual Studio Solution File, Format Version 12.00
Project("{F2A71F9B-5D33-465A-A702-920D77279786}") = "Euler", "Euler\Euler.fsproj", "{C4D045EC-B3F1-4286-9008-E33A3D934D0F}"
EndProject
Global
	GlobalSection(SolutionConfigurationPlatforms) = preSolution
		Debug|Any CPU = Debug|Any CPU
		Release|Any CPU = Release|Any CPU
	EndGlobalSection
	GlobalSection(ProjectConfigurationPlatforms) = postSolution
		{C4D045EC-B3F1-4286-9008-E33A3D934D0F}.Debug|Any CPU.ActiveCfg = Debug|Any CPU
		{C4D045EC-B3F1-4286-9008-E33A3D934D0F}.Debug|Any CPU.Build.0 = Debug|Any CPU
		{C4D045EC-B3F1-4286-9008-E33A3D934D0F}.Release|Any CPU.ActiveCfg = Release|Any CPU
		{C4D045EC-B3F1-4286-9008-E33A3D934D0F}.Release|Any CPU.Build.0 = Release|Any CPU
	EndGlobalSection
EndGlobal
